
Microsoft Visual Studio Solution File, Format Version 12.00
# Visual Studio 15
VisualStudioVersion = 15.0.27130.2036
MinimumVisualStudioVersion = 10.0.40219.1
Project("{8BC9CEB8-8B4A-11D0-8D11-00A0C91BC942}") = "sf", "sf\sf.vcxproj", "{CAEAD88B-CCA9-4A17-B4F7-EF3366AC9972}"
EndProject
Project("{8BC9CEB8-8B4A-11D0-8D11-00A0C91BC942}") = "list", "list\list.vcxproj", "{7BD37EFB-2A4A-42CA-9419-7EB579CF0D81}"
EndProject
Project("{8BC9CEB8-8B4A-11D0-8D11-00A0C91BC942}") = "queue", "queue\queue.vcxproj", "{3A23D988-577E-4014-BBB4-12C5F9B5BE40}"
EndProject
Project("{8BC9CEB8-8B4A-11D0-8D11-00A0C91BC942}") = "vector", "vector\vector.vcxproj", "{2088BFB0-25B9-4059-9432-AA8364169172}"
EndProject
Project("{8BC9CEB8-8B4A-11D0-8D11-00A0C91BC942}") = "stack", "stack\stack.vcxproj", "{3364A3F1-B317-49D1-B09D-A086CF8D2C7F}"
EndProject
Project("{8BC9CEB8-8B4A-11D0-8D11-00A0C91BC942}") = "binarytree", "binarytree\binarytree.vcxproj", "{CB1AB85B-83CE-4977-9D3B-C21F943D854A}"
EndProject
Project("{8BC9CEB8-8B4A-11D0-8D11-00A0C91BC942}") = "bitmap", "bitmap\bitmap.vcxproj", "{5DECD2A8-3635-4612-B86A-0638DB8188C6}"
EndProject
Project("{8BC9CEB8-8B4A-11D0-8D11-00A0C91BC942}") = "graph", "graph\graph.vcxproj", "{D7A71EB7-88FE-433E-8B17-E0EBD5543754}"
EndProject
Project("{8BC9CEB8-8B4A-11D0-8D11-00A0C91BC942}") = "graphmatrix", "GraphMatrix\GraphMatrix.vcxproj", "{8762A598-AD12-4D11-AC97-94BD820EC2F3}"
EndProject
Project("{8BC9CEB8-8B4A-11D0-8D11-00A0C91BC942}") = "BinarySearchTree", "BinarySearchTree\BinarySearchTree.vcxproj", "{57F529CA-DC3B-4975-BE11-27F6F8BB1718}"
EndProject
Project("{8BC9CEB8-8B4A-11D0-8D11-00A0C91BC942}") = "avl", "avl\avl.vcxproj", "{2E7A030C-F16C-4A57-89E4-2EEF409AAFD5}"
EndProject
Project("{8BC9CEB8-8B4A-11D0-8D11-00A0C91BC942}") = "SPlay", "SPlay\SPlay.vcxproj", "{A218DF24-8E95-48A8-9A44-2C2C3E5A3749}"
EndProject
Project("{8BC9CEB8-8B4A-11D0-8D11-00A0C91BC942}") = "skiplist", "skiplist\skiplist.vcxproj", "{270C79E9-D3C6-464E-BE03-2EF7334AF530}"
EndProject
Project("{8BC9CEB8-8B4A-11D0-8D11-00A0C91BC942}") = "Dictionary", "directory\directory.vcxproj", "{D93BC4E4-41D3-4592-A29C-871E1FF1CBE0}"
EndProject
Project("{8BC9CEB8-8B4A-11D0-8D11-00A0C91BC942}") = "hashtable", "hashtable\hashtable.vcxproj", "{42CDCB3C-E65F-4C02-9FAD-A8E63F3A8659}"
EndProject
Project("{8BC9CEB8-8B4A-11D0-8D11-00A0C91BC942}") = "PQ_ComplHeap", "PQ_ComplHeap\PQ_ComplHeap.vcxproj", "{A2613F4A-AE11-434D-A157-995E592269F4}"
EndProject
Project("{8BC9CEB8-8B4A-11D0-8D11-00A0C91BC942}") = "KMP", "KMP\KMP.vcxproj", "{75EBD0E4-E2B9-4F61-AAAF-0E4F9B330053}"
EndProject
Project("{8BC9CEB8-8B4A-11D0-8D11-00A0C91BC942}") = "findthemediumnumber", "findthemediumnumber\findthemediumnumber.vcxproj", "{0FAD736B-D4E1-4C35-A863-4812EBF1265B}"
EndProject
Global
	GlobalSection(SolutionConfigurationPlatforms) = preSolution
		Debug|x64 = Debug|x64
		Debug|x86 = Debug|x86
		Release|x64 = Release|x64
		Release|x86 = Release|x86
	EndGlobalSection
	GlobalSection(ProjectConfigurationPlatforms) = postSolution
		{CAEAD88B-CCA9-4A17-B4F7-EF3366AC9972}.Debug|x64.ActiveCfg = Debug|x64
		{CAEAD88B-CCA9-4A17-B4F7-EF3366AC9972}.Debug|x64.Build.0 = Debug|x64
		{CAEAD88B-CCA9-4A17-B4F7-EF3366AC9972}.Debug|x86.ActiveCfg = Debug|Win32
		{CAEAD88B-CCA9-4A17-B4F7-EF3366AC9972}.Debug|x86.Build.0 = Debug|Win32
		{CAEAD88B-CCA9-4A17-B4F7-EF3366AC9972}.Release|x64.ActiveCfg = Release|x64
		{CAEAD88B-CCA9-4A17-B4F7-EF3366AC9972}.Release|x64.Build.0 = Release|x64
		{CAEAD88B-CCA9-4A17-B4F7-EF3366AC9972}.Release|x86.ActiveCfg = Release|Win32
		{CAEAD88B-CCA9-4A17-B4F7-EF3366AC9972}.Release|x86.Build.0 = Release|Win32
		{7BD37EFB-2A4A-42CA-9419-7EB579CF0D81}.Debug|x64.ActiveCfg = Debug|x64
		{7BD37EFB-2A4A-42CA-9419-7EB579CF0D81}.Debug|x64.Build.0 = Debug|x64
		{7BD37EFB-2A4A-42CA-9419-7EB579CF0D81}.Debug|x86.ActiveCfg = Debug|Win32
		{7BD37EFB-2A4A-42CA-9419-7EB579CF0D81}.Debug|x86.Build.0 = Debug|Win32
		{7BD37EFB-2A4A-42CA-9419-7EB579CF0D81}.Release|x64.ActiveCfg = Release|x64
		{7BD37EFB-2A4A-42CA-9419-7EB579CF0D81}.Release|x64.Build.0 = Release|x64
		{7BD37EFB-2A4A-42CA-9419-7EB579CF0D81}.Release|x86.ActiveCfg = Release|Win32
		{7BD37EFB-2A4A-42CA-9419-7EB579CF0D81}.Release|x86.Build.0 = Release|Win32
		{3A23D988-577E-4014-BBB4-12C5F9B5BE40}.Debug|x64.ActiveCfg = Debug|x64
		{3A23D988-577E-4014-BBB4-12C5F9B5BE40}.Debug|x64.Build.0 = Debug|x64
		{3A23D988-577E-4014-BBB4-12C5F9B5BE40}.Debug|x86.ActiveCfg = Debug|Win32
		{3A23D988-577E-4014-BBB4-12C5F9B5BE40}.Debug|x86.Build.0 = Debug|Win32
		{3A23D988-577E-4014-BBB4-12C5F9B5BE40}.Release|x64.ActiveCfg = Release|x64
		{3A23D988-577E-4014-BBB4-12C5F9B5BE40}.Release|x64.Build.0 = Release|x64
		{3A23D988-577E-4014-BBB4-12C5F9B5BE40}.Release|x86.ActiveCfg = Release|Win32
		{3A23D988-577E-4014-BBB4-12C5F9B5BE40}.Release|x86.Build.0 = Release|Win32
		{2088BFB0-25B9-4059-9432-AA8364169172}.Debug|x64.ActiveCfg = Debug|x64
		{2088BFB0-25B9-4059-9432-AA8364169172}.Debug|x64.Build.0 = Debug|x64
		{2088BFB0-25B9-4059-9432-AA8364169172}.Debug|x86.ActiveCfg = Debug|Win32
		{2088BFB0-25B9-4059-9432-AA8364169172}.Debug|x86.Build.0 = Debug|Win32
		{2088BFB0-25B9-4059-9432-AA8364169172}.Release|x64.ActiveCfg = Release|x64
		{2088BFB0-25B9-4059-9432-AA8364169172}.Release|x64.Build.0 = Release|x64
		{2088BFB0-25B9-4059-9432-AA8364169172}.Release|x86.ActiveCfg = Release|Win32
		{2088BFB0-25B9-4059-9432-AA8364169172}.Release|x86.Build.0 = Release|Win32
		{3364A3F1-B317-49D1-B09D-A086CF8D2C7F}.Debug|x64.ActiveCfg = Debug|x64
		{3364A3F1-B317-49D1-B09D-A086CF8D2C7F}.Debug|x64.Build.0 = Debug|x64
		{3364A3F1-B317-49D1-B09D-A086CF8D2C7F}.Debug|x86.ActiveCfg = Debug|Win32
		{3364A3F1-B317-49D1-B09D-A086CF8D2C7F}.Debug|x86.Build.0 = Debug|Win32
		{3364A3F1-B317-49D1-B09D-A086CF8D2C7F}.Release|x64.ActiveCfg = Release|x64
		{3364A3F1-B317-49D1-B09D-A086CF8D2C7F}.Release|x64.Build.0 = Release|x64
		{3364A3F1-B317-49D1-B09D-A086CF8D2C7F}.Release|x86.ActiveCfg = Release|Win32
		{3364A3F1-B317-49D1-B09D-A086CF8D2C7F}.Release|x86.Build.0 = Release|Win32
		{CB1AB85B-83CE-4977-9D3B-C21F943D854A}.Debug|x64.ActiveCfg = Debug|x64
		{CB1AB85B-83CE-4977-9D3B-C21F943D854A}.Debug|x64.Build.0 = Debug|x64
		{CB1AB85B-83CE-4977-9D3B-C21F943D854A}.Debug|x86.ActiveCfg = Debug|Win32
		{CB1AB85B-83CE-4977-9D3B-C21F943D854A}.Debug|x86.Build.0 = Debug|Win32
		{CB1AB85B-83CE-4977-9D3B-C21F943D854A}.Release|x64.ActiveCfg = Release|x64
		{CB1AB85B-83CE-4977-9D3B-C21F943D854A}.Release|x64.Build.0 = Release|x64
		{CB1AB85B-83CE-4977-9D3B-C21F943D854A}.Release|x86.ActiveCfg = Release|Win32
		{CB1AB85B-83CE-4977-9D3B-C21F943D854A}.Release|x86.Build.0 = Release|Win32
		{5DECD2A8-3635-4612-B86A-0638DB8188C6}.Debug|x64.ActiveCfg = Debug|x64
		{5DECD2A8-3635-4612-B86A-0638DB8188C6}.Debug|x64.Build.0 = Debug|x64
		{5DECD2A8-3635-4612-B86A-0638DB8188C6}.Debug|x86.ActiveCfg = Debug|Win32
		{5DECD2A8-3635-4612-B86A-0638DB8188C6}.Debug|x86.Build.0 = Debug|Win32
		{5DECD2A8-3635-4612-B86A-0638DB8188C6}.Release|x64.ActiveCfg = Release|x64
		{5DECD2A8-3635-4612-B86A-0638DB8188C6}.Release|x64.Build.0 = Release|x64
		{5DECD2A8-3635-4612-B86A-0638DB8188C6}.Release|x86.ActiveCfg = Release|Win32
		{5DECD2A8-3635-4612-B86A-0638DB8188C6}.Release|x86.Build.0 = Release|Win32
		{D7A71EB7-88FE-433E-8B17-E0EBD5543754}.Debug|x64.ActiveCfg = Debug|x64
		{D7A71EB7-88FE-433E-8B17-E0EBD5543754}.Debug|x64.Build.0 = Debug|x64
		{D7A71EB7-88FE-433E-8B17-E0EBD5543754}.Debug|x86.ActiveCfg = Debug|Win32
		{D7A71EB7-88FE-433E-8B17-E0EBD5543754}.Debug|x86.Build.0 = Debug|Win32
		{D7A71EB7-88FE-433E-8B17-E0EBD5543754}.Release|x64.ActiveCfg = Release|x64
		{D7A71EB7-88FE-433E-8B17-E0EBD5543754}.Release|x64.Build.0 = Release|x64
		{D7A71EB7-88FE-433E-8B17-E0EBD5543754}.Release|x86.ActiveCfg = Release|Win32
		{D7A71EB7-88FE-433E-8B17-E0EBD5543754}.Release|x86.Build.0 = Release|Win32
		{8762A598-AD12-4D11-AC97-94BD820EC2F3}.Debug|x64.ActiveCfg = Debug|x64
		{8762A598-AD12-4D11-AC97-94BD820EC2F3}.Debug|x64.Build.0 = Debug|x64
		{8762A598-AD12-4D11-AC97-94BD820EC2F3}.Debug|x86.ActiveCfg = Debug|Win32
		{8762A598-AD12-4D11-AC97-94BD820EC2F3}.Debug|x86.Build.0 = Debug|Win32
		{8762A598-AD12-4D11-AC97-94BD820EC2F3}.Release|x64.ActiveCfg = Release|x64
		{8762A598-AD12-4D11-AC97-94BD820EC2F3}.Release|x64.Build.0 = Release|x64
		{8762A598-AD12-4D11-AC97-94BD820EC2F3}.Release|x86.ActiveCfg = Release|Win32
		{8762A598-AD12-4D11-AC97-94BD820EC2F3}.Release|x86.Build.0 = Release|Win32
		{57F529CA-DC3B-4975-BE11-27F6F8BB1718}.Debug|x64.ActiveCfg = Debug|x64
		{57F529CA-DC3B-4975-BE11-27F6F8BB1718}.Debug|x64.Build.0 = Debug|x64
		{57F529CA-DC3B-4975-BE11-27F6F8BB1718}.Debug|x86.ActiveCfg = Debug|Win32
		{57F529CA-DC3B-4975-BE11-27F6F8BB1718}.Debug|x86.Build.0 = Debug|Win32
		{57F529CA-DC3B-4975-BE11-27F6F8BB1718}.Release|x64.ActiveCfg = Release|x64
		{57F529CA-DC3B-4975-BE11-27F6F8BB1718}.Release|x64.Build.0 = Release|x64
		{57F529CA-DC3B-4975-BE11-27F6F8BB1718}.Release|x86.ActiveCfg = Release|Win32
		{57F529CA-DC3B-4975-BE11-27F6F8BB1718}.Release|x86.Build.0 = Release|Win32
		{2E7A030C-F16C-4A57-89E4-2EEF409AAFD5}.Debug|x64.ActiveCfg = Debug|x64
		{2E7A030C-F16C-4A57-89E4-2EEF409AAFD5}.Debug|x64.Build.0 = Debug|x64
		{2E7A030C-F16C-4A57-89E4-2EEF409AAFD5}.Debug|x86.ActiveCfg = Debug|Win32
		{2E7A030C-F16C-4A57-89E4-2EEF409AAFD5}.Debug|x86.Build.0 = Debug|Win32
		{2E7A030C-F16C-4A57-89E4-2EEF409AAFD5}.Release|x64.ActiveCfg = Release|x64
		{2E7A030C-F16C-4A57-89E4-2EEF409AAFD5}.Release|x64.Build.0 = Release|x64
		{2E7A030C-F16C-4A57-89E4-2EEF409AAFD5}.Release|x86.ActiveCfg = Release|Win32
		{2E7A030C-F16C-4A57-89E4-2EEF409AAFD5}.Release|x86.Build.0 = Release|Win32
		{A218DF24-8E95-48A8-9A44-2C2C3E5A3749}.Debug|x64.ActiveCfg = Debug|x64
		{A218DF24-8E95-48A8-9A44-2C2C3E5A3749}.Debug|x64.Build.0 = Debug|x64
		{A218DF24-8E95-48A8-9A44-2C2C3E5A3749}.Debug|x86.ActiveCfg = Debug|Win32
		{A218DF24-8E95-48A8-9A44-2C2C3E5A3749}.Debug|x86.Build.0 = Debug|Win32
		{A218DF24-8E95-48A8-9A44-2C2C3E5A3749}.Release|x64.ActiveCfg = Release|x64
		{A218DF24-8E95-48A8-9A44-2C2C3E5A3749}.Release|x64.Build.0 = Release|x64
		{A218DF24-8E95-48A8-9A44-2C2C3E5A3749}.Release|x86.ActiveCfg = Release|Win32
		{A218DF24-8E95-48A8-9A44-2C2C3E5A3749}.Release|x86.Build.0 = Release|Win32
		{270C79E9-D3C6-464E-BE03-2EF7334AF530}.Debug|x64.ActiveCfg = Debug|x64
		{270C79E9-D3C6-464E-BE03-2EF7334AF530}.Debug|x64.Build.0 = Debug|x64
		{270C79E9-D3C6-464E-BE03-2EF7334AF530}.Debug|x86.ActiveCfg = Debug|Win32
		{270C79E9-D3C6-464E-BE03-2EF7334AF530}.Debug|x86.Build.0 = Debug|Win32
		{270C79E9-D3C6-464E-BE03-2EF7334AF530}.Release|x64.ActiveCfg = Release|x64
		{270C79E9-D3C6-464E-BE03-2EF7334AF530}.Release|x64.Build.0 = Release|x64
		{270C79E9-D3C6-464E-BE03-2EF7334AF530}.Release|x86.ActiveCfg = Release|Win32
		{270C79E9-D3C6-464E-BE03-2EF7334AF530}.Release|x86.Build.0 = Release|Win32
		{D93BC4E4-41D3-4592-A29C-871E1FF1CBE0}.Debug|x64.ActiveCfg = Debug|x64
		{D93BC4E4-41D3-4592-A29C-871E1FF1CBE0}.Debug|x64.Build.0 = Debug|x64
		{D93BC4E4-41D3-4592-A29C-871E1FF1CBE0}.Debug|x86.ActiveCfg = Debug|Win32
		{D93BC4E4-41D3-4592-A29C-871E1FF1CBE0}.Debug|x86.Build.0 = Debug|Win32
		{D93BC4E4-41D3-4592-A29C-871E1FF1CBE0}.Release|x64.ActiveCfg = Release|x64
		{D93BC4E4-41D3-4592-A29C-871E1FF1CBE0}.Release|x64.Build.0 = Release|x64
		{D93BC4E4-41D3-4592-A29C-871E1FF1CBE0}.Release|x86.ActiveCfg = Release|Win32
		{D93BC4E4-41D3-4592-A29C-871E1FF1CBE0}.Release|x86.Build.0 = Release|Win32
		{42CDCB3C-E65F-4C02-9FAD-A8E63F3A8659}.Debug|x64.ActiveCfg = Debug|x64
		{42CDCB3C-E65F-4C02-9FAD-A8E63F3A8659}.Debug|x64.Build.0 = Debug|x64
		{42CDCB3C-E65F-4C02-9FAD-A8E63F3A8659}.Debug|x86.ActiveCfg = Debug|Win32
		{42CDCB3C-E65F-4C02-9FAD-A8E63F3A8659}.Debug|x86.Build.0 = Debug|Win32
		{42CDCB3C-E65F-4C02-9FAD-A8E63F3A8659}.Release|x64.ActiveCfg = Release|x64
		{42CDCB3C-E65F-4C02-9FAD-A8E63F3A8659}.Release|x64.Build.0 = Release|x64
		{42CDCB3C-E65F-4C02-9FAD-A8E63F3A8659}.Release|x86.ActiveCfg = Release|Win32
		{42CDCB3C-E65F-4C02-9FAD-A8E63F3A8659}.Release|x86.Build.0 = Release|Win32
		{A2613F4A-AE11-434D-A157-995E592269F4}.Debug|x64.ActiveCfg = Debug|x64
		{A2613F4A-AE11-434D-A157-995E592269F4}.Debug|x64.Build.0 = Debug|x64
		{A2613F4A-AE11-434D-A157-995E592269F4}.Debug|x86.ActiveCfg = Debug|Win32
		{A2613F4A-AE11-434D-A157-995E592269F4}.Debug|x86.Build.0 = Debug|Win32
		{A2613F4A-AE11-434D-A157-995E592269F4}.Release|x64.ActiveCfg = Release|x64
		{A2613F4A-AE11-434D-A157-995E592269F4}.Release|x64.Build.0 = Release|x64
		{A2613F4A-AE11-434D-A157-995E592269F4}.Release|x86.ActiveCfg = Release|Win32
		{A2613F4A-AE11-434D-A157-995E592269F4}.Release|x86.Build.0 = Release|Win32
		{75EBD0E4-E2B9-4F61-AAAF-0E4F9B330053}.Debug|x64.ActiveCfg = Debug|x64
		{75EBD0E4-E2B9-4F61-AAAF-0E4F9B330053}.Debug|x64.Build.0 = Debug|x64
		{75EBD0E4-E2B9-4F61-AAAF-0E4F9B330053}.Debug|x86.ActiveCfg = Debug|Win32
		{75EBD0E4-E2B9-4F61-AAAF-0E4F9B330053}.Debug|x86.Build.0 = Debug|Win32
		{75EBD0E4-E2B9-4F61-AAAF-0E4F9B330053}.Release|x64.ActiveCfg = Release|x64
		{75EBD0E4-E2B9-4F61-AAAF-0E4F9B330053}.Release|x64.Build.0 = Release|x64
		{75EBD0E4-E2B9-4F61-AAAF-0E4F9B330053}.Release|x86.ActiveCfg = Release|Win32
		{75EBD0E4-E2B9-4F61-AAAF-0E4F9B330053}.Release|x86.Build.0 = Release|Win32
		{0FAD736B-D4E1-4C35-A863-4812EBF1265B}.Debug|x64.ActiveCfg = Debug|x64
		{0FAD736B-D4E1-4C35-A863-4812EBF1265B}.Debug|x64.Build.0 = Debug|x64
		{0FAD736B-D4E1-4C35-A863-4812EBF1265B}.Debug|x86.ActiveCfg = Debug|Win32
		{0FAD736B-D4E1-4C35-A863-4812EBF1265B}.Debug|x86.Build.0 = Debug|Win32
		{0FAD736B-D4E1-4C35-A863-4812EBF1265B}.Release|x64.ActiveCfg = Release|x64
		{0FAD736B-D4E1-4C35-A863-4812EBF1265B}.Release|x64.Build.0 = Release|x64
		{0FAD736B-D4E1-4C35-A863-4812EBF1265B}.Release|x86.ActiveCfg = Release|Win32
		{0FAD736B-D4E1-4C35-A863-4812EBF1265B}.Release|x86.Build.0 = Release|Win32
	EndGlobalSection
	GlobalSection(SolutionProperties) = preSolution
		HideSolutionNode = FALSE
	EndGlobalSection
	GlobalSection(ExtensibilityGlobals) = postSolution
		SolutionGuid = {E407407F-CBD6-4111-AC95-C5B7CB3CE64B}
	EndGlobalSection
EndGlobal
